// !$*UTF8*$!
{
	archiveVersion = 1;
	classes = {
	};
	objectVersion = 56;
	objects = {

/* Begin PBXBuildFile section */
		D05982BF2A80567C00BDD39D /* PokedexAppApp.swift in Sources */ = {isa = PBXBuildFile; fileRef = D05982BE2A80567C00BDD39D /* PokedexAppApp.swift */; };
		D05982C12A80567C00BDD39D /* ContentView.swift in Sources */ = {isa = PBXBuildFile; fileRef = D05982C02A80567C00BDD39D /* ContentView.swift */; };
		D05982C32A80567F00BDD39D /* Assets.xcassets in Resources */ = {isa = PBXBuildFile; fileRef = D05982C22A80567F00BDD39D /* Assets.xcassets */; };
		D05982C62A80567F00BDD39D /* Preview Assets.xcassets in Resources */ = {isa = PBXBuildFile; fileRef = D05982C52A80567F00BDD39D /* Preview Assets.xcassets */; };
		D05982D02A80567F00BDD39D /* PokedexAppTests.swift in Sources */ = {isa = PBXBuildFile; fileRef = D05982CF2A80567F00BDD39D /* PokedexAppTests.swift */; };
		D05982DA2A80567F00BDD39D /* PokedexAppUITests.swift in Sources */ = {isa = PBXBuildFile; fileRef = D05982D92A80567F00BDD39D /* PokedexAppUITests.swift */; };
		D05982DC2A80568000BDD39D /* PokedexAppUITestsLaunchTests.swift in Sources */ = {isa = PBXBuildFile; fileRef = D05982DB2A80568000BDD39D /* PokedexAppUITestsLaunchTests.swift */; };
		D05982E92A8057A400BDD39D /* Pokemon.swift in Sources */ = {isa = PBXBuildFile; fileRef = D05982E82A8057A400BDD39D /* Pokemon.swift */; };
		D05982EB2A8058A500BDD39D /* PokedexService.swift in Sources */ = {isa = PBXBuildFile; fileRef = D05982EA2A8058A500BDD39D /* PokedexService.swift */; };
		D05982ED2A8059A700BDD39D /* PokedexViewModel.swift in Sources */ = {isa = PBXBuildFile; fileRef = D05982EC2A8059A700BDD39D /* PokedexViewModel.swift */; };
/* End PBXBuildFile section */

/* Begin PBXContainerItemProxy section */
		D05982CC2A80567F00BDD39D /* PBXContainerItemProxy */ = {
			isa = PBXContainerItemProxy;
			containerPortal = D05982B32A80567B00BDD39D /* Project object */;
			proxyType = 1;
			remoteGlobalIDString = D05982BA2A80567B00BDD39D;
			remoteInfo = PokedexApp;
		};
		D05982D62A80567F00BDD39D /* PBXContainerItemProxy */ = {
			isa = PBXContainerItemProxy;
			containerPortal = D05982B32A80567B00BDD39D /* Project object */;
			proxyType = 1;
			remoteGlobalIDString = D05982BA2A80567B00BDD39D;
			remoteInfo = PokedexApp;
		};
/* End PBXContainerItemProxy section */

/* Begin PBXFileReference section */
		D05982BB2A80567B00BDD39D /* PokedexApp.app */ = {isa = PBXFileReference; explicitFileType = wrapper.application; includeInIndex = 0; path = PokedexApp.app; sourceTree = BUILT_PRODUCTS_DIR; };
		D05982BE2A80567C00BDD39D /* PokedexAppApp.swift */ = {isa = PBXFileReference; lastKnownFileType = sourcecode.swift; path = PokedexAppApp.swift; sourceTree = "<group>"; };
		D05982C02A80567C00BDD39D /* ContentView.swift */ = {isa = PBXFileReference; lastKnownFileType = sourcecode.swift; path = ContentView.swift; sourceTree = "<group>"; };
		D05982C22A80567F00BDD39D /* Assets.xcassets */ = {isa = PBXFileReference; lastKnownFileType = folder.assetcatalog; path = Assets.xcassets; sourceTree = "<group>"; };
		D05982C52A80567F00BDD39D /* Preview Assets.xcassets */ = {isa = PBXFileReference; lastKnownFileType = folder.assetcatalog; path = "Preview Assets.xcassets"; sourceTree = "<group>"; };
		D05982CB2A80567F00BDD39D /* PokedexAppTests.xctest */ = {isa = PBXFileReference; explicitFileType = wrapper.cfbundle; includeInIndex = 0; path = PokedexAppTests.xctest; sourceTree = BUILT_PRODUCTS_DIR; };
		D05982CF2A80567F00BDD39D /* PokedexAppTests.swift */ = {isa = PBXFileReference; lastKnownFileType = sourcecode.swift; path = PokedexAppTests.swift; sourceTree = "<group>"; };
		D05982D52A80567F00BDD39D /* PokedexAppUITests.xctest */ = {isa = PBXFileReference; explicitFileType = wrapper.cfbundle; includeInIndex = 0; path = PokedexAppUITests.xctest; sourceTree = BUILT_PRODUCTS_DIR; };
		D05982D92A80567F00BDD39D /* PokedexAppUITests.swift */ = {isa = PBXFileReference; lastKnownFileType = sourcecode.swift; path = PokedexAppUITests.swift; sourceTree = "<group>"; };
		D05982DB2A80568000BDD39D /* PokedexAppUITestsLaunchTests.swift */ = {isa = PBXFileReference; lastKnownFileType = sourcecode.swift; path = PokedexAppUITestsLaunchTests.swift; sourceTree = "<group>"; };
		D05982E82A8057A400BDD39D /* Pokemon.swift */ = {isa = PBXFileReference; lastKnownFileType = sourcecode.swift; path = Pokemon.swift; sourceTree = "<group>"; };
		D05982EA2A8058A500BDD39D /* PokedexService.swift */ = {isa = PBXFileReference; lastKnownFileType = sourcecode.swift; path = PokedexService.swift; sourceTree = "<group>"; };
		D05982EC2A8059A700BDD39D /* PokedexViewModel.swift */ = {isa = PBXFileReference; lastKnownFileType = sourcecode.swift; path = PokedexViewModel.swift; sourceTree = "<group>"; };
/* End PBXFileReference section */

/* Begin PBXFrameworksBuildPhase section */
		D05982B82A80567B00BDD39D /* Frameworks */ = {
			isa = PBXFrameworksBuildPhase;
			buildActionMask = 2147483647;
			files = (
			);
			runOnlyForDeploymentPostprocessing = 0;
		};
		D05982C82A80567F00BDD39D /* Frameworks */ = {
			isa = PBXFrameworksBuildPhase;
			buildActionMask = 2147483647;
			files = (
			);
			runOnlyForDeploymentPostprocessing = 0;
		};
		D05982D22A80567F00BDD39D /* Frameworks */ = {
			isa = PBXFrameworksBuildPhase;
			buildActionMask = 2147483647;
			files = (
			);
			runOnlyForDeploymentPostprocessing = 0;
		};
/* End PBXFrameworksBuildPhase section */

/* Begin PBXGroup section */
		D05982B22A80567B00BDD39D = {
			isa = PBXGroup;
			children = (
				D05982BD2A80567B00BDD39D /* PokedexApp */,
				D05982CE2A80567F00BDD39D /* PokedexAppTests */,
				D05982D82A80567F00BDD39D /* PokedexAppUITests */,
				D05982BC2A80567B00BDD39D /* Products */,
			);
			sourceTree = "<group>";
		};
		D05982BC2A80567B00BDD39D /* Products */ = {
			isa = PBXGroup;
			children = (
				D05982BB2A80567B00BDD39D /* PokedexApp.app */,
				D05982CB2A80567F00BDD39D /* PokedexAppTests.xctest */,
				D05982D52A80567F00BDD39D /* PokedexAppUITests.xctest */,
			);
			name = Products;
			sourceTree = "<group>";
		};
		D05982BD2A80567B00BDD39D /* PokedexApp */ = {
			isa = PBXGroup;
			children = (
				D05982BE2A80567C00BDD39D /* PokedexAppApp.swift */,
				D05982C02A80567C00BDD39D /* ContentView.swift */,
				D05982E82A8057A400BDD39D /* Pokemon.swift */,
				D05982EA2A8058A500BDD39D /* PokedexService.swift */,
				D05982EC2A8059A700BDD39D /* PokedexViewModel.swift */,
				D05982C22A80567F00BDD39D /* Assets.xcassets */,
				D05982C42A80567F00BDD39D /* Preview Content */,
			);
			path = PokedexApp;
			sourceTree = "<group>";
		};
		D05982C42A80567F00BDD39D /* Preview Content */ = {
			isa = PBXGroup;
			children = (
				D05982C52A80567F00BDD39D /* Preview Assets.xcassets */,
			);
			path = "Preview Content";
			sourceTree = "<group>";
		};
		D05982CE2A80567F00BDD39D /* PokedexAppTests */ = {
			isa = PBXGroup;
			children = (
				D05982CF2A80567F00BDD39D /* PokedexAppTests.swift */,
			);
			path = PokedexAppTests;
			sourceTree = "<group>";
		};
		D05982D82A80567F00BDD39D /* PokedexAppUITests */ = {
			isa = PBXGroup;
			children = (
				D05982D92A80567F00BDD39D /* PokedexAppUITests.swift */,
				D05982DB2A80568000BDD39D /* PokedexAppUITestsLaunchTests.swift */,
			);
			path = PokedexAppUITests;
			sourceTree = "<group>";
		};
/* End PBXGroup section */

/* Begin PBXNativeTarget section */
		D05982BA2A80567B00BDD39D /* PokedexApp */ = {
			isa = PBXNativeTarget;
			buildConfigurationList = D05982DF2A80568000BDD39D /* Build configuration list for PBXNativeTarget "PokedexApp" */;
			buildPhases = (
				D05982B72A80567B00BDD39D /* Sources */,
				D05982B82A80567B00BDD39D /* Frameworks */,
				D05982B92A80567B00BDD39D /* Resources */,
			);
			buildRules = (
			);
			dependencies = (
			);
			name = PokedexApp;
			productName = PokedexApp;
			productReference = D05982BB2A80567B00BDD39D /* PokedexApp.app */;
			productType = "com.apple.product-type.application";
		};
		D05982CA2A80567F00BDD39D /* PokedexAppTests */ = {
			isa = PBXNativeTarget;
			buildConfigurationList = D05982E22A80568000BDD39D /* Build configuration list for PBXNativeTarget "PokedexAppTests" */;
			buildPhases = (
				D05982C72A80567F00BDD39D /* Sources */,
				D05982C82A80567F00BDD39D /* Frameworks */,
				D05982C92A80567F00BDD39D /* Resources */,
			);
			buildRules = (
			);
			dependencies = (
				D05982CD2A80567F00BDD39D /* PBXTargetDependency */,
			);
			name = PokedexAppTests;
			productName = PokedexAppTests;
			productReference = D05982CB2A80567F00BDD39D /* PokedexAppTests.xctest */;
			productType = "com.apple.product-type.bundle.unit-test";
		};
		D05982D42A80567F00BDD39D /* PokedexAppUITests */ = {
			isa = PBXNativeTarget;
			buildConfigurationList = D05982E52A80568000BDD39D /* Build configuration list for PBXNativeTarget "PokedexAppUITests" */;
			buildPhases = (
				D05982D12A80567F00BDD39D /* Sources */,
				D05982D22A80567F00BDD39D /* Frameworks */,
				D05982D32A80567F00BDD39D /* Resources */,
			);
			buildRules = (
			);
			dependencies = (
				D05982D72A80567F00BDD39D /* PBXTargetDependency */,
			);
			name = PokedexAppUITests;
			productName = PokedexAppUITests;
			productReference = D05982D52A80567F00BDD39D /* PokedexAppUITests.xctest */;
			productType = "com.apple.product-type.bundle.ui-testing";
		};
/* End PBXNativeTarget section */

/* Begin PBXProject section */
		D05982B32A80567B00BDD39D /* Project object */ = {
			isa = PBXProject;
			attributes = {
				BuildIndependentTargetsInParallel = 1;
				LastSwiftUpdateCheck = 1420;
				LastUpgradeCheck = 1420;
				TargetAttributes = {
					D05982BA2A80567B00BDD39D = {
						CreatedOnToolsVersion = 14.2;
					};
					D05982CA2A80567F00BDD39D = {
						CreatedOnToolsVersion = 14.2;
						TestTargetID = D05982BA2A80567B00BDD39D;
					};
					D05982D42A80567F00BDD39D = {
						CreatedOnToolsVersion = 14.2;
						TestTargetID = D05982BA2A80567B00BDD39D;
					};
				};
			};
			buildConfigurationList = D05982B62A80567B00BDD39D /* Build configuration list for PBXProject "PokedexApp" */;
			compatibilityVersion = "Xcode 14.0";
			developmentRegion = en;
			hasScannedForEncodings = 0;
			knownRegions = (
				en,
				Base,
			);
			mainGroup = D05982B22A80567B00BDD39D;
			productRefGroup = D05982BC2A80567B00BDD39D /* Products */;
			projectDirPath = "";
			projectRoot = "";
			targets = (
				D05982BA2A80567B00BDD39D /* PokedexApp */,
				D05982CA2A80567F00BDD39D /* PokedexAppTests */,
				D05982D42A80567F00BDD39D /* PokedexAppUITests */,
			);
		};
/* End PBXProject section */

/* Begin PBXResourcesBuildPhase section */
		D05982B92A80567B00BDD39D /* Resources */ = {
			isa = PBXResourcesBuildPhase;
			buildActionMask = 2147483647;
			files = (
				D05982C62A80567F00BDD39D /* Preview Assets.xcassets in Resources */,
				D05982C32A80567F00BDD39D /* Assets.xcassets in Resources */,
			);
			runOnlyForDeploymentPostprocessing = 0;
		};
		D05982C92A80567F00BDD39D /* Resources */ = {
			isa = PBXResourcesBuildPhase;
			buildActionMask = 2147483647;
			files = (
			);
			runOnlyForDeploymentPostprocessing = 0;
		};
		D05982D32A80567F00BDD39D /* Resources */ = {
			isa = PBXResourcesBuildPhase;
			buildActionMask = 2147483647;
			files = (
			);
			runOnlyForDeploymentPostprocessing = 0;
		};
/* End PBXResourcesBuildPhase section */

/* Begin PBXSourcesBuildPhase section */
		D05982B72A80567B00BDD39D /* Sources */ = {
			isa = PBXSourcesBuildPhase;
			buildActionMask = 2147483647;
			files = (
				D05982EB2A8058A500BDD39D /* PokedexService.swift in Sources */,
				D05982C12A80567C00BDD39D /* ContentView.swift in Sources */,
				D05982BF2A80567C00BDD39D /* PokedexAppApp.swift in Sources */,
				D05982ED2A8059A700BDD39D /* PokedexViewModel.swift in Sources */,
				D05982E92A8057A400BDD39D /* Pokemon.swift in Sources */,
			);
			runOnlyForDeploymentPostprocessing = 0;
		};
		D05982C72A80567F00BDD39D /* Sources */ = {
			isa = PBXSourcesBuildPhase;
			buildActionMask = 2147483647;
			files = (
				D05982D02A80567F00BDD39D /* PokedexAppTests.swift in Sources */,
			);
			runOnlyForDeploymentPostprocessing = 0;
		};
		D05982D12A80567F00BDD39D /* Sources */ = {
			isa = PBXSourcesBuildPhase;
			buildActionMask = 2147483647;
			files = (
				D05982DA2A80567F00BDD39D /* PokedexAppUITests.swift in Sources */,
				D05982DC2A80568000BDD39D /* PokedexAppUITestsLaunchTests.swift in Sources */,
			);
			runOnlyForDeploymentPostprocessing = 0;
		};
/* End PBXSourcesBuildPhase section */

/* Begin PBXTargetDependency section */
		D05982CD2A80567F00BDD39D /* PBXTargetDependency */ = {
			isa = PBXTargetDependency;
			target = D05982BA2A80567B00BDD39D /* PokedexApp */;
			targetProxy = D05982CC2A80567F00BDD39D /* PBXContainerItemProxy */;
		};
		D05982D72A80567F00BDD39D /* PBXTargetDependency */ = {
			isa = PBXTargetDependency;
			target = D05982BA2A80567B00BDD39D /* PokedexApp */;
			targetProxy = D05982D62A80567F00BDD39D /* PBXContainerItemProxy */;
		};
/* End PBXTargetDependency section */

/* Begin XCBuildConfiguration section */
		D05982DD2A80568000BDD39D /* Debug */ = {
			isa = XCBuildConfiguration;
			buildSettings = {
				ALWAYS_SEARCH_USER_PATHS = NO;
				CLANG_ANALYZER_NONNULL = YES;
				CLANG_ANALYZER_NUMBER_OBJECT_CONVERSION = YES_AGGRESSIVE;
				CLANG_CXX_LANGUAGE_STANDARD = "gnu++20";
				CLANG_ENABLE_MODULES = YES;
				CLANG_ENABLE_OBJC_ARC = YES;
				CLANG_ENABLE_OBJC_WEAK = YES;
				CLANG_WARN_BLOCK_CAPTURE_AUTORELEASING = YES;
				CLANG_WARN_BOOL_CONVERSION = YES;
				CLANG_WARN_COMMA = YES;
				CLANG_WARN_CONSTANT_CONVERSION = YES;
				CLANG_WARN_DEPRECATED_OBJC_IMPLEMENTATIONS = YES;
				CLANG_WARN_DIRECT_OBJC_ISA_USAGE = YES_ERROR;
				CLANG_WARN_DOCUMENTATION_COMMENTS = YES;
				CLANG_WARN_EMPTY_BODY = YES;
				CLANG_WARN_ENUM_CONVERSION = YES;
				CLANG_WARN_INFINITE_RECURSION = YES;
				CLANG_WARN_INT_CONVERSION = YES;
				CLANG_WARN_NON_LITERAL_NULL_CONVERSION = YES;
				CLANG_WARN_OBJC_IMPLICIT_RETAIN_SELF = YES;
				CLANG_WARN_OBJC_LITERAL_CONVERSION = YES;
				CLANG_WARN_OBJC_ROOT_CLASS = YES_ERROR;
				CLANG_WARN_QUOTED_INCLUDE_IN_FRAMEWORK_HEADER = YES;
				CLANG_WARN_RANGE_LOOP_ANALYSIS = YES;
				CLANG_WARN_STRICT_PROTOTYPES = YES;
				CLANG_WARN_SUSPICIOUS_MOVE = YES;
				CLANG_WARN_UNGUARDED_AVAILABILITY = YES_AGGRESSIVE;
				CLANG_WARN_UNREACHABLE_CODE = YES;
				CLANG_WARN__DUPLICATE_METHOD_MATCH = YES;
				COPY_PHASE_STRIP = NO;
				DEBUG_INFORMATION_FORMAT = dwarf;
				ENABLE_STRICT_OBJC_MSGSEND = YES;
				ENABLE_TESTABILITY = YES;
				GCC_C_LANGUAGE_STANDARD = gnu11;
				GCC_DYNAMIC_NO_PIC = NO;
				GCC_NO_COMMON_BLOCKS = YES;
				GCC_OPTIMIZATION_LEVEL = 0;
				GCC_PREPROCESSOR_DEFINITIONS = (
					"DEBUG=1",
					"$(inherited)",
				);
				GCC_WARN_64_TO_32_BIT_CONVERSION = YES;
				GCC_WARN_ABOUT_RETURN_TYPE = YES_ERROR;
				GCC_WARN_UNDECLARED_SELECTOR = YES;
				GCC_WARN_UNINITIALIZED_AUTOS = YES_AGGRESSIVE;
				GCC_WARN_UNUSED_FUNCTION = YES;
				GCC_WARN_UNUSED_VARIABLE = YES;
				IPHONEOS_DEPLOYMENT_TARGET = 16.2;
				MTL_ENABLE_DEBUG_INFO = INCLUDE_SOURCE;
				MTL_FAST_MATH = YES;
				ONLY_ACTIVE_ARCH = YES;
				SDKROOT = iphoneos;
				SWIFT_ACTIVE_COMPILATION_CONDITIONS = DEBUG;
				SWIFT_OPTIMIZATION_LEVEL = "-Onone";
			};
			name = Debug;
		};
		D05982DE2A80568000BDD39D /* Release */ = {
			isa = XCBuildConfiguration;
			buildSettings = {
				ALWAYS_SEARCH_USER_PATHS = NO;
				CLANG_ANALYZER_NONNULL = YES;
				CLANG_ANALYZER_NUMBER_OBJECT_CONVERSION = YES_AGGRESSIVE;
				CLANG_CXX_LANGUAGE_STANDARD = "gnu++20";
				CLANG_ENABLE_MODULES = YES;
				CLANG_ENABLE_OBJC_ARC = YES;
				CLANG_ENABLE_OBJC_WEAK = YES;
				CLANG_WARN_BLOCK_CAPTURE_AUTORELEASING = YES;
				CLANG_WARN_BOOL_CONVERSION = YES;
				CLANG_WARN_COMMA = YES;
				CLANG_WARN_CONSTANT_CONVERSION = YES;
				CLANG_WARN_DEPRECATED_OBJC_IMPLEMENTATIONS = YES;
				CLANG_WARN_DIRECT_OBJC_ISA_USAGE = YES_ERROR;
				CLANG_WARN_DOCUMENTATION_COMMENTS = YES;
				CLANG_WARN_EMPTY_BODY = YES;
				CLANG_WARN_ENUM_CONVERSION = YES;
				CLANG_WARN_INFINITE_RECURSION = YES;
				CLANG_WARN_INT_CONVERSION = YES;
				CLANG_WARN_NON_LITERAL_NULL_CONVERSION = YES;
				CLANG_WARN_OBJC_IMPLICIT_RETAIN_SELF = YES;
				CLANG_WARN_OBJC_LITERAL_CONVERSION = YES;
				CLANG_WARN_OBJC_ROOT_CLASS = YES_ERROR;
				CLANG_WARN_QUOTED_INCLUDE_IN_FRAMEWORK_HEADER = YES;
				CLANG_WARN_RANGE_LOOP_ANALYSIS = YES;
				CLANG_WARN_STRICT_PROTOTYPES = YES;
				CLANG_WARN_SUSPICIOUS_MOVE = YES;
				CLANG_WARN_UNGUARDED_AVAILABILITY = YES_AGGRESSIVE;
				CLANG_WARN_UNREACHABLE_CODE = YES;
				CLANG_WARN__DUPLICATE_METHOD_MATCH = YES;
				COPY_PHASE_STRIP = NO;
				DEBUG_INFORMATION_FORMAT = "dwarf-with-dsym";
				ENABLE_NS_ASSERTIONS = NO;
				ENABLE_STRICT_OBJC_MSGSEND = YES;
				GCC_C_LANGUAGE_STANDARD = gnu11;
				GCC_NO_COMMON_BLOCKS = YES;
				GCC_WARN_64_TO_32_BIT_CONVERSION = YES;
				GCC_WARN_ABOUT_RETURN_TYPE = YES_ERROR;
				GCC_WARN_UNDECLARED_SELECTOR = YES;
				GCC_WARN_UNINITIALIZED_AUTOS = YES_AGGRESSIVE;
				GCC_WARN_UNUSED_FUNCTION = YES;
				GCC_WARN_UNUSED_VARIABLE = YES;
				IPHONEOS_DEPLOYMENT_TARGET = 16.2;
				MTL_ENABLE_DEBUG_INFO = NO;
				MTL_FAST_MATH = YES;
				SDKROOT = iphoneos;
				SWIFT_COMPILATION_MODE = wholemodule;
				SWIFT_OPTIMIZATION_LEVEL = "-O";
				VALIDATE_PRODUCT = YES;
			};
			name = Release;
		};
		D05982E02A80568000BDD39D /* Debug */ = {
			isa = XCBuildConfiguration;
			buildSettings = {
				ASSETCATALOG_COMPILER_APPICON_NAME = AppIcon;
				ASSETCATALOG_COMPILER_GLOBAL_ACCENT_COLOR_NAME = AccentColor;
				CODE_SIGN_STYLE = Automatic;
				CURRENT_PROJECT_VERSION = 1;
				DEVELOPMENT_ASSET_PATHS = "\"PokedexApp/Preview Content\"";
				DEVELOPMENT_TEAM = LJ38JM82CL;
				ENABLE_PREVIEWS = YES;
				GENERATE_INFOPLIST_FILE = YES;
				INFOPLIST_KEY_UIApplicationSceneManifest_Generation = YES;
				INFOPLIST_KEY_UIApplicationSupportsIndirectInputEvents = YES;
				INFOPLIST_KEY_UILaunchScreen_Generation = YES;
				INFOPLIST_KEY_UISupportedInterfaceOrientations_iPad = "UIInterfaceOrientationPortrait UIInterfaceOrientationPortraitUpsideDown UIInterfaceOrientationLandscapeLeft UIInterfaceOrientationLandscapeRight";
				INFOPLIST_KEY_UISupportedInterfaceOrientations_iPhone = "UIInterfaceOrientationPortrait UIInterfaceOrientationLandscapeLeft UIInterfaceOrientationLandscapeRight";
				LD_RUNPATH_SEARCH_PATHS = (
					"$(inherited)",
					"@executable_path/Frameworks",
				);
				MARKETING_VERSION = 1.0;
				PRODUCT_BUNDLE_IDENTIFIER = PersonalTeam.PokedexApp;
				PRODUCT_NAME = "$(TARGET_NAME)";
				SWIFT_EMIT_LOC_STRINGS = YES;
				SWIFT_VERSION = 5.0;
				TARGETED_DEVICE_FAMILY = "1,2";
			};
			name = Debug;
		};
		D05982E12A80568000BDD39D /* Release */ = {
			isa = XCBuildConfiguration;
			buildSettings = {
				ASSETCATALOG_COMPILER_APPICON_NAME = AppIcon;
				ASSETCATALOG_COMPILER_GLOBAL_ACCENT_COLOR_NAME = AccentColor;
				CODE_SIGN_STYLE = Automatic;
				CURRENT_PROJECT_VERSION = 1;
				DEVELOPMENT_ASSET_PATHS = "\"PokedexApp/Preview Content\"";
				DEVELOPMENT_TEAM = LJ38JM82CL;
				ENABLE_PREVIEWS = YES;
				GENERATE_INFOPLIST_FILE = YES;
				INFOPLIST_KEY_UIApplicationSceneManifest_Generation = YES;
				INFOPLIST_KEY_UIApplicationSupportsIndirectInputEvents = YES;
				INFOPLIST_KEY_UILaunchScreen_Generation = YES;
				INFOPLIST_KEY_UISupportedInterfaceOrientations_iPad = "UIInterfaceOrientationPortrait UIInterfaceOrientationPortraitUpsideDown UIInterfaceOrientationLandscapeLeft UIInterfaceOrientationLandscapeRight";
				INFOPLIST_KEY_UISupportedInterfaceOrientations_iPhone = "UIInterfaceOrientationPortrait UIInterfaceOrientationLandscapeLeft UIInterfaceOrientationLandscapeRight";
				LD_RUNPATH_SEARCH_PATHS = (
					"$(inherited)",
					"@executable_path/Frameworks",
				);
				MARKETING_VERSION = 1.0;
				PRODUCT_BUNDLE_IDENTIFIER = PersonalTeam.PokedexApp;
				PRODUCT_NAME = "$(TARGET_NAME)";
				SWIFT_EMIT_LOC_STRINGS = YES;
				SWIFT_VERSION = 5.0;
				TARGETED_DEVICE_FAMILY = "1,2";
			};
			name = Release;
		};
		D05982E32A80568000BDD39D /* Debug */ = {
			isa = XCBuildConfiguration;
			buildSettings = {
				ALWAYS_EMBED_SWIFT_STANDARD_LIBRARIES = YES;
				BUNDLE_LOADER = "$(TEST_HOST)";
				CODE_SIGN_STYLE = Automatic;
				CURRENT_PROJECT_VERSION = 1;
				DEVELOPMENT_TEAM = LJ38JM82CL;
				GENERATE_INFOPLIST_FILE = YES;
				IPHONEOS_DEPLOYMENT_TARGET = 16.2;
				MARKETING_VERSION = 1.0;
				PRODUCT_BUNDLE_IDENTIFIER = PersonalTeam.PokedexAppTests;
				PRODUCT_NAME = "$(TARGET_NAME)";
				SWIFT_EMIT_LOC_STRINGS = NO;
				SWIFT_VERSION = 5.0;
				TARGETED_DEVICE_FAMILY = "1,2";
				TEST_HOST = "$(BUILT_PRODUCTS_DIR)/PokedexApp.app/$(BUNDLE_EXECUTABLE_FOLDER_PATH)/PokedexApp";
			};
			name = Debug;
		};
		D05982E42A80568000BDD39D /* Release */ = {
			isa = XCBuildConfiguration;
			buildSettings = {
				ALWAYS_EMBED_SWIFT_STANDARD_LIBRARIES = YES;
				BUNDLE_LOADER = "$(TEST_HOST)";
				CODE_SIGN_STYLE = Automatic;
				CURRENT_PROJECT_VERSION = 1;
				DEVELOPMENT_TEAM = LJ38JM82CL;
				GENERATE_INFOPLIST_FILE = YES;
				IPHONEOS_DEPLOYMENT_TARGET = 16.2;
				MARKETING_VERSION = 1.0;
				PRODUCT_BUNDLE_IDENTIFIER = PersonalTeam.PokedexAppTests;
				PRODUCT_NAME = "$(TARGET_NAME)";
				SWIFT_EMIT_LOC_STRINGS = NO;
				SWIFT_VERSION = 5.0;
				TARGETED_DEVICE_FAMILY = "1,2";
				TEST_HOST = "$(BUILT_PRODUCTS_DIR)/PokedexApp.app/$(BUNDLE_EXECUTABLE_FOLDER_PATH)/PokedexApp";
			};
			name = Release;
		};
		D05982E62A80568000BDD39D /* Debug */ = {
			isa = XCBuildConfiguration;
			buildSettings = {
				ALWAYS_EMBED_SWIFT_STANDARD_LIBRARIES = YES;
				CODE_SIGN_STYLE = Automatic;
				CURRENT_PROJECT_VERSION = 1;
				DEVELOPMENT_TEAM = LJ38JM82CL;
				GENERATE_INFOPLIST_FILE = YES;
				MARKETING_VERSION = 1.0;
				PRODUCT_BUNDLE_IDENTIFIER = PersonalTeam.PokedexAppUITests;
				PRODUCT_NAME = "$(TARGET_NAME)";
				SWIFT_EMIT_LOC_STRINGS = NO;
				SWIFT_VERSION = 5.0;
				TARGETED_DEVICE_FAMILY = "1,2";
				TEST_TARGET_NAME = PokedexApp;
			};
			name = Debug;
		};
		D05982E72A80568000BDD39D /* Release */ = {
			isa = XCBuildConfiguration;
			buildSettings = {
				ALWAYS_EMBED_SWIFT_STANDARD_LIBRARIES = YES;
				CODE_SIGN_STYLE = Automatic;
				CURRENT_PROJECT_VERSION = 1;
				DEVELOPMENT_TEAM = LJ38JM82CL;
				GENERATE_INFOPLIST_FILE = YES;
				MARKETING_VERSION = 1.0;
				PRODUCT_BUNDLE_IDENTIFIER = PersonalTeam.PokedexAppUITests;
				PRODUCT_NAME = "$(TARGET_NAME)";
				SWIFT_EMIT_LOC_STRINGS = NO;
				SWIFT_VERSION = 5.0;
				TARGETED_DEVICE_FAMILY = "1,2";
				TEST_TARGET_NAME = PokedexApp;
			};
			name = Release;
		};
/* End XCBuildConfiguration section */

/* Begin XCConfigurationList section */
		D05982B62A80567B00BDD39D /* Build configuration list for PBXProject "PokedexApp" */ = {
			isa = XCConfigurationList;
			buildConfigurations = (
				D05982DD2A80568000BDD39D /* Debug */,
				D05982DE2A80568000BDD39D /* Release */,
			);
			defaultConfigurationIsVisible = 0;
			defaultConfigurationName = Release;
		};
		D05982DF2A80568000BDD39D /* Build configuration list for PBXNativeTarget "PokedexApp" */ = {
			isa = XCConfigurationList;
			buildConfigurations = (
				D05982E02A80568000BDD39D /* Debug */,
				D05982E12A80568000BDD39D /* Release */,
			);
			defaultConfigurationIsVisible = 0;
			defaultConfigurationName = Release;
		};
		D05982E22A80568000BDD39D /* Build configuration list for PBXNativeTarget "PokedexAppTests" */ = {
			isa = XCConfigurationList;
			buildConfigurations = (
				D05982E32A80568000BDD39D /* Debug */,
				D05982E42A80568000BDD39D /* Release */,
			);
			defaultConfigurationIsVisible = 0;
			defaultConfigurationName = Release;
		};
		D05982E52A80568000BDD39D /* Build configuration list for PBXNativeTarget "PokedexAppUITests" */ = {
			isa = XCConfigurationList;
			buildConfigurations = (
				D05982E62A80568000BDD39D /* Debug */,
				D05982E72A80568000BDD39D /* Release */,
			);
			defaultConfigurationIsVisible = 0;
			defaultConfigurationName = Release;
		};
/* End XCConfigurationList section */
	};
	rootObject = D05982B32A80567B00BDD39D /* Project object */;
}
