// !$*UTF8*$!
{
	archiveVersion = 1;
	classes = {
	};
	objectVersion = 56;
	objects = {

/* Begin PBXBuildFile section */
		D06B7FD92A4B50F50058A4BA /* WeatherProjApp.swift in Sources */ = {isa = PBXBuildFile; fileRef = D06B7FD82A4B50F50058A4BA /* WeatherProjApp.swift */; };
		D06B7FDB2A4B50F50058A4BA /* ContentView.swift in Sources */ = {isa = PBXBuildFile; fileRef = D06B7FDA2A4B50F50058A4BA /* ContentView.swift */; };
		D06B7FDD2A4B50F80058A4BA /* Assets.xcassets in Resources */ = {isa = PBXBuildFile; fileRef = D06B7FDC2A4B50F80058A4BA /* Assets.xcassets */; };
		D06B7FE02A4B50F80058A4BA /* Preview Assets.xcassets in Resources */ = {isa = PBXBuildFile; fileRef = D06B7FDF2A4B50F80058A4BA /* Preview Assets.xcassets */; };
		D06B7FE72A4B51160058A4BA /* Weather.swift in Sources */ = {isa = PBXBuildFile; fileRef = D06B7FE62A4B51160058A4BA /* Weather.swift */; };
		D06B7FE92A4B51C30058A4BA /* WeatherService.swift in Sources */ = {isa = PBXBuildFile; fileRef = D06B7FE82A4B51C30058A4BA /* WeatherService.swift */; };
		D06B7FEB2A4B51E00058A4BA /* WeatherViewModel.swift in Sources */ = {isa = PBXBuildFile; fileRef = D06B7FEA2A4B51E00058A4BA /* WeatherViewModel.swift */; };
/* End PBXBuildFile section */

/* Begin PBXFileReference section */
		D06B7FD52A4B50F50058A4BA /* WeatherProj.app */ = {isa = PBXFileReference; explicitFileType = wrapper.application; includeInIndex = 0; path = WeatherProj.app; sourceTree = BUILT_PRODUCTS_DIR; };
		D06B7FD82A4B50F50058A4BA /* WeatherProjApp.swift */ = {isa = PBXFileReference; lastKnownFileType = sourcecode.swift; path = WeatherProjApp.swift; sourceTree = "<group>"; };
		D06B7FDA2A4B50F50058A4BA /* ContentView.swift */ = {isa = PBXFileReference; lastKnownFileType = sourcecode.swift; path = ContentView.swift; sourceTree = "<group>"; };
		D06B7FDC2A4B50F80058A4BA /* Assets.xcassets */ = {isa = PBXFileReference; lastKnownFileType = folder.assetcatalog; path = Assets.xcassets; sourceTree = "<group>"; };
		D06B7FDF2A4B50F80058A4BA /* Preview Assets.xcassets */ = {isa = PBXFileReference; lastKnownFileType = folder.assetcatalog; path = "Preview Assets.xcassets"; sourceTree = "<group>"; };
		D06B7FE62A4B51160058A4BA /* Weather.swift */ = {isa = PBXFileReference; lastKnownFileType = sourcecode.swift; path = Weather.swift; sourceTree = "<group>"; };
		D06B7FE82A4B51C30058A4BA /* WeatherService.swift */ = {isa = PBXFileReference; lastKnownFileType = sourcecode.swift; path = WeatherService.swift; sourceTree = "<group>"; };
		D06B7FEA2A4B51E00058A4BA /* WeatherViewModel.swift */ = {isa = PBXFileReference; lastKnownFileType = sourcecode.swift; path = WeatherViewModel.swift; sourceTree = "<group>"; };
/* End PBXFileReference section */

/* Begin PBXFrameworksBuildPhase section */
		D06B7FD22A4B50F50058A4BA /* Frameworks */ = {
			isa = PBXFrameworksBuildPhase;
			buildActionMask = 2147483647;
			files = (
			);
			runOnlyForDeploymentPostprocessing = 0;
		};
/* End PBXFrameworksBuildPhase section */

/* Begin PBXGroup section */
		D06B7FCC2A4B50F50058A4BA = {
			isa = PBXGroup;
			children = (
				D06B7FD72A4B50F50058A4BA /* WeatherProj */,
				D06B7FD62A4B50F50058A4BA /* Products */,
			);
			sourceTree = "<group>";
		};
		D06B7FD62A4B50F50058A4BA /* Products */ = {
			isa = PBXGroup;
			children = (
				D06B7FD52A4B50F50058A4BA /* WeatherProj.app */,
			);
			name = Products;
			sourceTree = "<group>";
		};
		D06B7FD72A4B50F50058A4BA /* WeatherProj */ = {
			isa = PBXGroup;
			children = (
				D06B7FD82A4B50F50058A4BA /* WeatherProjApp.swift */,
				D06B7FDA2A4B50F50058A4BA /* ContentView.swift */,
				D06B7FE62A4B51160058A4BA /* Weather.swift */,
				D06B7FE82A4B51C30058A4BA /* WeatherService.swift */,
				D06B7FEA2A4B51E00058A4BA /* WeatherViewModel.swift */,
				D06B7FDC2A4B50F80058A4BA /* Assets.xcassets */,
				D06B7FDE2A4B50F80058A4BA /* Preview Content */,
			);
			path = WeatherProj;
			sourceTree = "<group>";
		};
		D06B7FDE2A4B50F80058A4BA /* Preview Content */ = {
			isa = PBXGroup;
			children = (
				D06B7FDF2A4B50F80058A4BA /* Preview Assets.xcassets */,
			);
			path = "Preview Content";
			sourceTree = "<group>";
		};
/* End PBXGroup section */

/* Begin PBXNativeTarget section */
		D06B7FD42A4B50F50058A4BA /* WeatherProj */ = {
			isa = PBXNativeTarget;
			buildConfigurationList = D06B7FE32A4B50F80058A4BA /* Build configuration list for PBXNativeTarget "WeatherProj" */;
			buildPhases = (
				D06B7FD12A4B50F50058A4BA /* Sources */,
				D06B7FD22A4B50F50058A4BA /* Frameworks */,
				D06B7FD32A4B50F50058A4BA /* Resources */,
			);
			buildRules = (
			);
			dependencies = (
			);
			name = WeatherProj;
			productName = WeatherProj;
			productReference = D06B7FD52A4B50F50058A4BA /* WeatherProj.app */;
			productType = "com.apple.product-type.application";
		};
/* End PBXNativeTarget section */

/* Begin PBXProject section */
		D06B7FCD2A4B50F50058A4BA /* Project object */ = {
			isa = PBXProject;
			attributes = {
				BuildIndependentTargetsInParallel = 1;
				LastSwiftUpdateCheck = 1420;
				LastUpgradeCheck = 1420;
				TargetAttributes = {
					D06B7FD42A4B50F50058A4BA = {
						CreatedOnToolsVersion = 14.2;
					};
				};
			};
			buildConfigurationList = D06B7FD02A4B50F50058A4BA /* Build configuration list for PBXProject "WeatherProj" */;
			compatibilityVersion = "Xcode 14.0";
			developmentRegion = en;
			hasScannedForEncodings = 0;
			knownRegions = (
				en,
				Base,
			);
			mainGroup = D06B7FCC2A4B50F50058A4BA;
			productRefGroup = D06B7FD62A4B50F50058A4BA /* Products */;
			projectDirPath = "";
			projectRoot = "";
			targets = (
				D06B7FD42A4B50F50058A4BA /* WeatherProj */,
			);
		};
/* End PBXProject section */

/* Begin PBXResourcesBuildPhase section */
		D06B7FD32A4B50F50058A4BA /* Resources */ = {
			isa = PBXResourcesBuildPhase;
			buildActionMask = 2147483647;
			files = (
				D06B7FE02A4B50F80058A4BA /* Preview Assets.xcassets in Resources */,
				D06B7FDD2A4B50F80058A4BA /* Assets.xcassets in Resources */,
			);
			runOnlyForDeploymentPostprocessing = 0;
		};
/* End PBXResourcesBuildPhase section */

/* Begin PBXSourcesBuildPhase section */
		D06B7FD12A4B50F50058A4BA /* Sources */ = {
			isa = PBXSourcesBuildPhase;
			buildActionMask = 2147483647;
			files = (
				D06B7FEB2A4B51E00058A4BA /* WeatherViewModel.swift in Sources */,
				D06B7FE92A4B51C30058A4BA /* WeatherService.swift in Sources */,
				D06B7FDB2A4B50F50058A4BA /* ContentView.swift in Sources */,
				D06B7FE72A4B51160058A4BA /* Weather.swift in Sources */,
				D06B7FD92A4B50F50058A4BA /* WeatherProjApp.swift in Sources */,
			);
			runOnlyForDeploymentPostprocessing = 0;
		};
/* End PBXSourcesBuildPhase section */

/* Begin XCBuildConfiguration section */
		D06B7FE12A4B50F80058A4BA /* Debug */ = {
			isa = XCBuildConfiguration;
			buildSettings = {
				ALWAYS_SEARCH_USER_PATHS = NO;
				CLANG_ANALYZER_NONNULL = YES;
				CLANG_ANALYZER_NUMBER_OBJECT_CONVERSION = YES_AGGRESSIVE;
				CLANG_CXX_LANGUAGE_STANDARD = "gnu++20";
				CLANG_ENABLE_MODULES = YES;
				CLANG_ENABLE_OBJC_ARC = YES;
				CLANG_ENABLE_OBJC_WEAK = YES;
				CLANG_WARN_BLOCK_CAPTURE_AUTORELEASING = YES;
				CLANG_WARN_BOOL_CONVERSION = YES;
				CLANG_WARN_COMMA = YES;
				CLANG_WARN_CONSTANT_CONVERSION = YES;
				CLANG_WARN_DEPRECATED_OBJC_IMPLEMENTATIONS = YES;
				CLANG_WARN_DIRECT_OBJC_ISA_USAGE = YES_ERROR;
				CLANG_WARN_DOCUMENTATION_COMMENTS = YES;
				CLANG_WARN_EMPTY_BODY = YES;
				CLANG_WARN_ENUM_CONVERSION = YES;
				CLANG_WARN_INFINITE_RECURSION = YES;
				CLANG_WARN_INT_CONVERSION = YES;
				CLANG_WARN_NON_LITERAL_NULL_CONVERSION = YES;
				CLANG_WARN_OBJC_IMPLICIT_RETAIN_SELF = YES;
				CLANG_WARN_OBJC_LITERAL_CONVERSION = YES;
				CLANG_WARN_OBJC_ROOT_CLASS = YES_ERROR;
				CLANG_WARN_QUOTED_INCLUDE_IN_FRAMEWORK_HEADER = YES;
				CLANG_WARN_RANGE_LOOP_ANALYSIS = YES;
				CLANG_WARN_STRICT_PROTOTYPES = YES;
				CLANG_WARN_SUSPICIOUS_MOVE = YES;
				CLANG_WARN_UNGUARDED_AVAILABILITY = YES_AGGRESSIVE;
				CLANG_WARN_UNREACHABLE_CODE = YES;
				CLANG_WARN__DUPLICATE_METHOD_MATCH = YES;
				COPY_PHASE_STRIP = NO;
				DEBUG_INFORMATION_FORMAT = dwarf;
				ENABLE_STRICT_OBJC_MSGSEND = YES;
				ENABLE_TESTABILITY = YES;
				GCC_C_LANGUAGE_STANDARD = gnu11;
				GCC_DYNAMIC_NO_PIC = NO;
				GCC_NO_COMMON_BLOCKS = YES;
				GCC_OPTIMIZATION_LEVEL = 0;
				GCC_PREPROCESSOR_DEFINITIONS = (
					"DEBUG=1",
					"$(inherited)",
				);
				GCC_WARN_64_TO_32_BIT_CONVERSION = YES;
				GCC_WARN_ABOUT_RETURN_TYPE = YES_ERROR;
				GCC_WARN_UNDECLARED_SELECTOR = YES;
				GCC_WARN_UNINITIALIZED_AUTOS = YES_AGGRESSIVE;
				GCC_WARN_UNUSED_FUNCTION = YES;
				GCC_WARN_UNUSED_VARIABLE = YES;
				IPHONEOS_DEPLOYMENT_TARGET = 16.2;
				MTL_ENABLE_DEBUG_INFO = INCLUDE_SOURCE;
				MTL_FAST_MATH = YES;
				ONLY_ACTIVE_ARCH = YES;
				SDKROOT = iphoneos;
				SWIFT_ACTIVE_COMPILATION_CONDITIONS = DEBUG;
				SWIFT_OPTIMIZATION_LEVEL = "-Onone";
			};
			name = Debug;
		};
		D06B7FE22A4B50F80058A4BA /* Release */ = {
			isa = XCBuildConfiguration;
			buildSettings = {
				ALWAYS_SEARCH_USER_PATHS = NO;
				CLANG_ANALYZER_NONNULL = YES;
				CLANG_ANALYZER_NUMBER_OBJECT_CONVERSION = YES_AGGRESSIVE;
				CLANG_CXX_LANGUAGE_STANDARD = "gnu++20";
				CLANG_ENABLE_MODULES = YES;
				CLANG_ENABLE_OBJC_ARC = YES;
				CLANG_ENABLE_OBJC_WEAK = YES;
				CLANG_WARN_BLOCK_CAPTURE_AUTORELEASING = YES;
				CLANG_WARN_BOOL_CONVERSION = YES;
				CLANG_WARN_COMMA = YES;
				CLANG_WARN_CONSTANT_CONVERSION = YES;
				CLANG_WARN_DEPRECATED_OBJC_IMPLEMENTATIONS = YES;
				CLANG_WARN_DIRECT_OBJC_ISA_USAGE = YES_ERROR;
				CLANG_WARN_DOCUMENTATION_COMMENTS = YES;
				CLANG_WARN_EMPTY_BODY = YES;
				CLANG_WARN_ENUM_CONVERSION = YES;
				CLANG_WARN_INFINITE_RECURSION = YES;
				CLANG_WARN_INT_CONVERSION = YES;
				CLANG_WARN_NON_LITERAL_NULL_CONVERSION = YES;
				CLANG_WARN_OBJC_IMPLICIT_RETAIN_SELF = YES;
				CLANG_WARN_OBJC_LITERAL_CONVERSION = YES;
				CLANG_WARN_OBJC_ROOT_CLASS = YES_ERROR;
				CLANG_WARN_QUOTED_INCLUDE_IN_FRAMEWORK_HEADER = YES;
				CLANG_WARN_RANGE_LOOP_ANALYSIS = YES;
				CLANG_WARN_STRICT_PROTOTYPES = YES;
				CLANG_WARN_SUSPICIOUS_MOVE = YES;
				CLANG_WARN_UNGUARDED_AVAILABILITY = YES_AGGRESSIVE;
				CLANG_WARN_UNREACHABLE_CODE = YES;
				CLANG_WARN__DUPLICATE_METHOD_MATCH = YES;
				COPY_PHASE_STRIP = NO;
				DEBUG_INFORMATION_FORMAT = "dwarf-with-dsym";
				ENABLE_NS_ASSERTIONS = NO;
				ENABLE_STRICT_OBJC_MSGSEND = YES;
				GCC_C_LANGUAGE_STANDARD = gnu11;
				GCC_NO_COMMON_BLOCKS = YES;
				GCC_WARN_64_TO_32_BIT_CONVERSION = YES;
				GCC_WARN_ABOUT_RETURN_TYPE = YES_ERROR;
				GCC_WARN_UNDECLARED_SELECTOR = YES;
				GCC_WARN_UNINITIALIZED_AUTOS = YES_AGGRESSIVE;
				GCC_WARN_UNUSED_FUNCTION = YES;
				GCC_WARN_UNUSED_VARIABLE = YES;
				IPHONEOS_DEPLOYMENT_TARGET = 16.2;
				MTL_ENABLE_DEBUG_INFO = NO;
				MTL_FAST_MATH = YES;
				SDKROOT = iphoneos;
				SWIFT_COMPILATION_MODE = wholemodule;
				SWIFT_OPTIMIZATION_LEVEL = "-O";
				VALIDATE_PRODUCT = YES;
			};
			name = Release;
		};
		D06B7FE42A4B50F80058A4BA /* Debug */ = {
			isa = XCBuildConfiguration;
			buildSettings = {
				ASSETCATALOG_COMPILER_APPICON_NAME = AppIcon;
				ASSETCATALOG_COMPILER_GLOBAL_ACCENT_COLOR_NAME = AccentColor;
				CODE_SIGN_STYLE = Automatic;
				CURRENT_PROJECT_VERSION = 1;
				DEVELOPMENT_ASSET_PATHS = "\"WeatherProj/Preview Content\"";
				DEVELOPMENT_TEAM = LJ38JM82CL;
				ENABLE_PREVIEWS = YES;
				GENERATE_INFOPLIST_FILE = YES;
				INFOPLIST_KEY_UIApplicationSceneManifest_Generation = YES;
				INFOPLIST_KEY_UIApplicationSupportsIndirectInputEvents = YES;
				INFOPLIST_KEY_UILaunchScreen_Generation = YES;
				INFOPLIST_KEY_UISupportedInterfaceOrientations_iPad = "UIInterfaceOrientationPortrait UIInterfaceOrientationPortraitUpsideDown UIInterfaceOrientationLandscapeLeft UIInterfaceOrientationLandscapeRight";
				INFOPLIST_KEY_UISupportedInterfaceOrientations_iPhone = "UIInterfaceOrientationPortrait UIInterfaceOrientationLandscapeLeft UIInterfaceOrientationLandscapeRight";
				LD_RUNPATH_SEARCH_PATHS = (
					"$(inherited)",
					"@executable_path/Frameworks",
				);
				MARKETING_VERSION = 1.0;
				PRODUCT_BUNDLE_IDENTIFIER = PersonalTeam.WeatherProj;
				PRODUCT_NAME = "$(TARGET_NAME)";
				SWIFT_EMIT_LOC_STRINGS = YES;
				SWIFT_VERSION = 5.0;
				TARGETED_DEVICE_FAMILY = "1,2";
			};
			name = Debug;
		};
		D06B7FE52A4B50F80058A4BA /* Release */ = {
			isa = XCBuildConfiguration;
			buildSettings = {
				ASSETCATALOG_COMPILER_APPICON_NAME = AppIcon;
				ASSETCATALOG_COMPILER_GLOBAL_ACCENT_COLOR_NAME = AccentColor;
				CODE_SIGN_STYLE = Automatic;
				CURRENT_PROJECT_VERSION = 1;
				DEVELOPMENT_ASSET_PATHS = "\"WeatherProj/Preview Content\"";
				DEVELOPMENT_TEAM = LJ38JM82CL;
				ENABLE_PREVIEWS = YES;
				GENERATE_INFOPLIST_FILE = YES;
				INFOPLIST_KEY_UIApplicationSceneManifest_Generation = YES;
				INFOPLIST_KEY_UIApplicationSupportsIndirectInputEvents = YES;
				INFOPLIST_KEY_UILaunchScreen_Generation = YES;
				INFOPLIST_KEY_UISupportedInterfaceOrientations_iPad = "UIInterfaceOrientationPortrait UIInterfaceOrientationPortraitUpsideDown UIInterfaceOrientationLandscapeLeft UIInterfaceOrientationLandscapeRight";
				INFOPLIST_KEY_UISupportedInterfaceOrientations_iPhone = "UIInterfaceOrientationPortrait UIInterfaceOrientationLandscapeLeft UIInterfaceOrientationLandscapeRight";
				LD_RUNPATH_SEARCH_PATHS = (
					"$(inherited)",
					"@executable_path/Frameworks",
				);
				MARKETING_VERSION = 1.0;
				PRODUCT_BUNDLE_IDENTIFIER = PersonalTeam.WeatherProj;
				PRODUCT_NAME = "$(TARGET_NAME)";
				SWIFT_EMIT_LOC_STRINGS = YES;
				SWIFT_VERSION = 5.0;
				TARGETED_DEVICE_FAMILY = "1,2";
			};
			name = Release;
		};
/* End XCBuildConfiguration section */

/* Begin XCConfigurationList section */
		D06B7FD02A4B50F50058A4BA /* Build configuration list for PBXProject "WeatherProj" */ = {
			isa = XCConfigurationList;
			buildConfigurations = (
				D06B7FE12A4B50F80058A4BA /* Debug */,
				D06B7FE22A4B50F80058A4BA /* Release */,
			);
			defaultConfigurationIsVisible = 0;
			defaultConfigurationName = Release;
		};
		D06B7FE32A4B50F80058A4BA /* Build configuration list for PBXNativeTarget "WeatherProj" */ = {
			isa = XCConfigurationList;
			buildConfigurations = (
				D06B7FE42A4B50F80058A4BA /* Debug */,
				D06B7FE52A4B50F80058A4BA /* Release */,
			);
			defaultConfigurationIsVisible = 0;
			defaultConfigurationName = Release;
		};
/* End XCConfigurationList section */
	};
	rootObject = D06B7FCD2A4B50F50058A4BA /* Project object */;
}
